
Microsoft Visual Studio Solution File, Format Version 12.00
# Visual Studio Version 17
VisualStudioVersion = 17.8.34330.188
MinimumVisualStudioVersion = 10.0.40219.1
Project("{9A19103F-16F7-4668-BE54-9A1E7A4F7556}") = "BlazorWasm", "BlazorWasm\BlazorWasm.csproj", "{4ECC68F6-614E-40ED-AB9A-6043A10EDD84}"
EndProject
Project("{9A19103F-16F7-4668-BE54-9A1E7A4F7556}") = "BlazorWasm.Client", "BlazorWasm.Client\BlazorWasm.Client.csproj", "{8ECE7DE9-6B2A-49B7-B778-00A0A8CFCD54}"
EndProject
Global
	GlobalSection(SolutionConfigurationPlatforms) = preSolution
		Debug|Any CPU = Debug|Any CPU
		Release|Any CPU = Release|Any CPU
	EndGlobalSection
	GlobalSection(ProjectConfigurationPlatforms) = postSolution
		{4ECC68F6-614E-40ED-AB9A-6043A10EDD84}.Debug|Any CPU.ActiveCfg = Debug|Any CPU
		{4ECC68F6-614E-40ED-AB9A-6043A10EDD84}.Debug|Any CPU.Build.0 = Debug|Any CPU
		{4ECC68F6-614E-40ED-AB9A-6043A10EDD84}.Release|Any CPU.ActiveCfg = Release|Any CPU
		{4ECC68F6-614E-40ED-AB9A-6043A10EDD84}.Release|Any CPU.Build.0 = Release|Any CPU
		{8ECE7DE9-6B2A-49B7-B778-00A0A8CFCD54}.Debug|Any CPU.ActiveCfg = Debug|Any CPU
		{8ECE7DE9-6B2A-49B7-B778-00A0A8CFCD54}.Debug|Any CPU.Build.0 = Debug|Any CPU
		{8ECE7DE9-6B2A-49B7-B778-00A0A8CFCD54}.Release|Any CPU.ActiveCfg = Release|Any CPU
		{8ECE7DE9-6B2A-49B7-B778-00A0A8CFCD54}.Release|Any CPU.Build.0 = Release|Any CPU
	EndGlobalSection
	GlobalSection(SolutionProperties) = preSolution
		HideSolutionNode = FALSE
	EndGlobalSection
	GlobalSection(ExtensibilityGlobals) = postSolution
		SolutionGuid = {A44E1DDA-7BC1-4CB9-AA9D-D3E8290FD45D}
	EndGlobalSection
EndGlobal
