
Microsoft Visual Studio Solution File, Format Version 12.00
# Visual Studio Version 17
VisualStudioVersion = 17.8.34330.188
MinimumVisualStudioVersion = 10.0.40219.1
Project("{FAE04EC0-301F-11D3-BF4B-00C04F79EFBC}") = "BlazorWasm", "BlazorWasm\BlazorWasm.csproj", "{6B817C52-A7CD-4E53-9AE3-2F42793CFAA1}"
EndProject
Project("{FAE04EC0-301F-11D3-BF4B-00C04F79EFBC}") = "BlazorWasm.Client", "BlazorWasm.Client\BlazorWasm.Client.csproj", "{2ED5443B-8ABF-4DDB-8863-F473934F5774}"
EndProject
Global
	GlobalSection(SolutionConfigurationPlatforms) = preSolution
		Debug|Any CPU = Debug|Any CPU
		Release|Any CPU = Release|Any CPU
	EndGlobalSection
	GlobalSection(ProjectConfigurationPlatforms) = postSolution
		{6B817C52-A7CD-4E53-9AE3-2F42793CFAA1}.Debug|Any CPU.ActiveCfg = Debug|Any CPU
		{6B817C52-A7CD-4E53-9AE3-2F42793CFAA1}.Debug|Any CPU.Build.0 = Debug|Any CPU
		{6B817C52-A7CD-4E53-9AE3-2F42793CFAA1}.Release|Any CPU.ActiveCfg = Release|Any CPU
		{6B817C52-A7CD-4E53-9AE3-2F42793CFAA1}.Release|Any CPU.Build.0 = Release|Any CPU
		{2ED5443B-8ABF-4DDB-8863-F473934F5774}.Debug|Any CPU.ActiveCfg = Debug|Any CPU
		{2ED5443B-8ABF-4DDB-8863-F473934F5774}.Debug|Any CPU.Build.0 = Debug|Any CPU
		{2ED5443B-8ABF-4DDB-8863-F473934F5774}.Release|Any CPU.ActiveCfg = Release|Any CPU
		{2ED5443B-8ABF-4DDB-8863-F473934F5774}.Release|Any CPU.Build.0 = Release|Any CPU
	EndGlobalSection
	GlobalSection(SolutionProperties) = preSolution
		HideSolutionNode = FALSE
	EndGlobalSection
	GlobalSection(ExtensibilityGlobals) = postSolution
		SolutionGuid = {CD3AB919-1E42-4476-B621-626FDEAE997D}
	EndGlobalSection
EndGlobal
